
Microsoft Visual Studio Solution File, Format Version 12.00
# Visual Studio Version 17
VisualStudioVersion = 17.9.34728.123
MinimumVisualStudioVersion = 10.0.40219.1
Project("{2150E333-8FDC-42A3-9474-1A3956D46DE8}") = "Services", "Services", "{C6C07E57-A39E-4DE7-9EE7-5AAB203A4875}"
EndProject
Project("{2150E333-8FDC-42A3-9474-1A3956D46DE8}") = "Infrastructure", "Infrastructure", "{C4F8F2BC-7EBF-453A-8F70-C4005BFA144B}"
EndProject
Project("{2150E333-8FDC-42A3-9474-1A3956D46DE8}") = "ApiGateways", "ApiGateways", "{44043349-CEBB-41D3-A169-671A95217B0C}"
EndProject
Project("{2150E333-8FDC-42A3-9474-1A3956D46DE8}") = "User", "User", "{57BE5779-4800-4B9D-AB63-CA035B95FDCB}"
EndProject
Project("{2150E333-8FDC-42A3-9474-1A3956D46DE8}") = "Chat", "Chat", "{838A4591-F871-4F31-BCBF-FB3E8982F968}"
EndProject
Project("{2150E333-8FDC-42A3-9474-1A3956D46DE8}") = "Notification", "Notification", "{FB687F2E-8A28-4AED-9026-95280A60E4D6}"
EndProject
Project("{2150E333-8FDC-42A3-9474-1A3956D46DE8}") = "Post", "Post", "{3C766318-289B-45EB-998B-38616BB1D676}"
EndProject
Project("{2150E333-8FDC-42A3-9474-1A3956D46DE8}") = "Algolia", "Algolia", "{B2475C26-5226-403D-A4E9-5EDCFCDCE6D9}"
EndProject
Project("{FAE04EC0-301F-11D3-BF4B-00C04F79EFBC}") = "User.API", "Services\User\User.API\User.API.csproj", "{A13E10C8-2BB8-41A7-B435-B8EEAC15D816}"
EndProject
Project("{FAE04EC0-301F-11D3-BF4B-00C04F79EFBC}") = "User.Infrastructure", "Services\User\User.Infrastructure\User.Infrastructure.csproj", "{47027554-6893-4F0A-BD7E-619ED726E004}"
EndProject
Project("{FAE04EC0-301F-11D3-BF4B-00C04F79EFBC}") = "User.Application", "Services\User\User.Application\User.Application.csproj", "{AAF2476E-7C01-4794-945A-41628B9FE049}"
EndProject
Project("{FAE04EC0-301F-11D3-BF4B-00C04F79EFBC}") = "User.Core", "Services\User\User.Core\User.Core.csproj", "{95A06945-E395-4AE6-A138-C202A1DC5405}"
EndProject
Project("{FAE04EC0-301F-11D3-BF4B-00C04F79EFBC}") = "Post.API", "Services\Post\Post.API\Post.API.csproj", "{FF611F62-6C11-4DD8-9031-C3B77D5F0358}"
EndProject
Project("{FAE04EC0-301F-11D3-BF4B-00C04F79EFBC}") = "Post.Infrastructure", "Services\Post\Post.Infrastructure\Post.Infrastructure.csproj", "{9DC8A082-1048-455B-B26C-9FE571F4782C}"
EndProject
Project("{FAE04EC0-301F-11D3-BF4B-00C04F79EFBC}") = "Post.Application", "Services\Post\Post.Application\Post.Application.csproj", "{4CD46F67-17B3-42A2-BA1F-05CAD39D6EC5}"
EndProject
Project("{FAE04EC0-301F-11D3-BF4B-00C04F79EFBC}") = "Post.Core", "Services\Post\Post.Core\Post.Core.csproj", "{32B5D38C-B83F-4151-AB8A-1A77430A6D40}"
EndProject
Project("{FAE04EC0-301F-11D3-BF4B-00C04F79EFBC}") = "Notification.API", "Services\Notification\Notification.API\Notification.API.csproj", "{72AB956A-502F-4D2E-8232-9E8DD9A6261C}"
EndProject
Project("{FAE04EC0-301F-11D3-BF4B-00C04F79EFBC}") = "Notification.Infrastructure", "Services\Notification\Notification.Infrastructure\Notification.Infrastructure.csproj", "{4ED35A08-7FBB-4AD8-B466-6CE562824D4C}"
EndProject
Project("{FAE04EC0-301F-11D3-BF4B-00C04F79EFBC}") = "Notification.Application", "Services\Notification\Notification.Application\Notification.Application.csproj", "{1B9FA825-0D59-4256-931F-FC3524806853}"
EndProject
Project("{FAE04EC0-301F-11D3-BF4B-00C04F79EFBC}") = "Notification.Core", "Services\Notification\Notification.Core\Notification.Core.csproj", "{361D93C3-88AA-48AE-AEDD-62B748AD15E9}"
EndProject
Project("{FAE04EC0-301F-11D3-BF4B-00C04F79EFBC}") = "Chat.API", "Services\Chat\Chat.API\Chat.API.csproj", "{96D85DCF-11C7-47E9-865F-000D482FADA8}"
EndProject
Project("{FAE04EC0-301F-11D3-BF4B-00C04F79EFBC}") = "Chat.Infrastructure", "Services\Chat\Chat.Infrastructure\Chat.Infrastructure.csproj", "{D1AD7641-17A9-4E15-8870-5E8DCC1253D5}"
EndProject
Project("{FAE04EC0-301F-11D3-BF4B-00C04F79EFBC}") = "Chat.Application", "Services\Chat\Chat.Application\Chat.Application.csproj", "{E9BD72B6-B609-480D-8D5C-E975BF25B95D}"
EndProject
Project("{FAE04EC0-301F-11D3-BF4B-00C04F79EFBC}") = "Chat.Core", "Services\Chat\Chat.Core\Chat.Core.csproj", "{BCA6A339-7A33-4257-AC76-CD3C7EF54000}"
EndProject
Project("{FAE04EC0-301F-11D3-BF4B-00C04F79EFBC}") = "Algolia.API", "Services\Algolia\Algolia.API\Algolia.API.csproj", "{483B7FD6-ACEE-4A75-91DE-E075BDA24998}"
EndProject
Project("{E53339B2-1760-4266-BCC7-CA923CBCF16C}") = "docker-compose", "docker-compose.dcproj", "{ADF7CC7C-659C-4979-B2F1-5CA267AADEB8}"
EndProject
Project("{FAE04EC0-301F-11D3-BF4B-00C04F79EFBC}") = "Ocelot.ApiGateway", "ApiGateways\Ocelot.ApiGateway\Ocelot.ApiGateway.csproj", "{67126548-81B3-4681-AA44-39145E9A7034}"
EndProject
Project("{FAE04EC0-301F-11D3-BF4B-00C04F79EFBC}") = "EventBus.Messages", "Infrastructure\EventBus.Messages\EventBus.Messages.csproj", "{4B36204B-6707-409A-81A1-43AC7AD645F4}"
EndProject
Global
	GlobalSection(SolutionConfigurationPlatforms) = preSolution
		Debug|Any CPU = Debug|Any CPU
		Release|Any CPU = Release|Any CPU
	EndGlobalSection
	GlobalSection(ProjectConfigurationPlatforms) = postSolution
		{A13E10C8-2BB8-41A7-B435-B8EEAC15D816}.Debug|Any CPU.ActiveCfg = Debug|Any CPU
		{A13E10C8-2BB8-41A7-B435-B8EEAC15D816}.Debug|Any CPU.Build.0 = Debug|Any CPU
		{A13E10C8-2BB8-41A7-B435-B8EEAC15D816}.Release|Any CPU.ActiveCfg = Release|Any CPU
		{A13E10C8-2BB8-41A7-B435-B8EEAC15D816}.Release|Any CPU.Build.0 = Release|Any CPU
		{47027554-6893-4F0A-BD7E-619ED726E004}.Debug|Any CPU.ActiveCfg = Debug|Any CPU
		{47027554-6893-4F0A-BD7E-619ED726E004}.Debug|Any CPU.Build.0 = Debug|Any CPU
		{47027554-6893-4F0A-BD7E-619ED726E004}.Release|Any CPU.ActiveCfg = Release|Any CPU
		{47027554-6893-4F0A-BD7E-619ED726E004}.Release|Any CPU.Build.0 = Release|Any CPU
		{AAF2476E-7C01-4794-945A-41628B9FE049}.Debug|Any CPU.ActiveCfg = Debug|Any CPU
		{AAF2476E-7C01-4794-945A-41628B9FE049}.Debug|Any CPU.Build.0 = Debug|Any CPU
		{AAF2476E-7C01-4794-945A-41628B9FE049}.Release|Any CPU.ActiveCfg = Release|Any CPU
		{AAF2476E-7C01-4794-945A-41628B9FE049}.Release|Any CPU.Build.0 = Release|Any CPU
		{95A06945-E395-4AE6-A138-C202A1DC5405}.Debug|Any CPU.ActiveCfg = Debug|Any CPU
		{95A06945-E395-4AE6-A138-C202A1DC5405}.Debug|Any CPU.Build.0 = Debug|Any CPU
		{95A06945-E395-4AE6-A138-C202A1DC5405}.Release|Any CPU.ActiveCfg = Release|Any CPU
		{95A06945-E395-4AE6-A138-C202A1DC5405}.Release|Any CPU.Build.0 = Release|Any CPU
		{FF611F62-6C11-4DD8-9031-C3B77D5F0358}.Debug|Any CPU.ActiveCfg = Debug|Any CPU
		{FF611F62-6C11-4DD8-9031-C3B77D5F0358}.Debug|Any CPU.Build.0 = Debug|Any CPU
		{FF611F62-6C11-4DD8-9031-C3B77D5F0358}.Release|Any CPU.ActiveCfg = Release|Any CPU
		{FF611F62-6C11-4DD8-9031-C3B77D5F0358}.Release|Any CPU.Build.0 = Release|Any CPU
		{9DC8A082-1048-455B-B26C-9FE571F4782C}.Debug|Any CPU.ActiveCfg = Debug|Any CPU
		{9DC8A082-1048-455B-B26C-9FE571F4782C}.Debug|Any CPU.Build.0 = Debug|Any CPU
		{9DC8A082-1048-455B-B26C-9FE571F4782C}.Release|Any CPU.ActiveCfg = Release|Any CPU
		{9DC8A082-1048-455B-B26C-9FE571F4782C}.Release|Any CPU.Build.0 = Release|Any CPU
		{4CD46F67-17B3-42A2-BA1F-05CAD39D6EC5}.Debug|Any CPU.ActiveCfg = Debug|Any CPU
		{4CD46F67-17B3-42A2-BA1F-05CAD39D6EC5}.Debug|Any CPU.Build.0 = Debug|Any CPU
		{4CD46F67-17B3-42A2-BA1F-05CAD39D6EC5}.Release|Any CPU.ActiveCfg = Release|Any CPU
		{4CD46F67-17B3-42A2-BA1F-05CAD39D6EC5}.Release|Any CPU.Build.0 = Release|Any CPU
		{32B5D38C-B83F-4151-AB8A-1A77430A6D40}.Debug|Any CPU.ActiveCfg = Debug|Any CPU
		{32B5D38C-B83F-4151-AB8A-1A77430A6D40}.Debug|Any CPU.Build.0 = Debug|Any CPU
		{32B5D38C-B83F-4151-AB8A-1A77430A6D40}.Release|Any CPU.ActiveCfg = Release|Any CPU
		{32B5D38C-B83F-4151-AB8A-1A77430A6D40}.Release|Any CPU.Build.0 = Release|Any CPU
		{72AB956A-502F-4D2E-8232-9E8DD9A6261C}.Debug|Any CPU.ActiveCfg = Debug|Any CPU
		{72AB956A-502F-4D2E-8232-9E8DD9A6261C}.Debug|Any CPU.Build.0 = Debug|Any CPU
		{72AB956A-502F-4D2E-8232-9E8DD9A6261C}.Release|Any CPU.ActiveCfg = Release|Any CPU
		{72AB956A-502F-4D2E-8232-9E8DD9A6261C}.Release|Any CPU.Build.0 = Release|Any CPU
		{4ED35A08-7FBB-4AD8-B466-6CE562824D4C}.Debug|Any CPU.ActiveCfg = Debug|Any CPU
		{4ED35A08-7FBB-4AD8-B466-6CE562824D4C}.Debug|Any CPU.Build.0 = Debug|Any CPU
		{4ED35A08-7FBB-4AD8-B466-6CE562824D4C}.Release|Any CPU.ActiveCfg = Release|Any CPU
		{4ED35A08-7FBB-4AD8-B466-6CE562824D4C}.Release|Any CPU.Build.0 = Release|Any CPU
		{1B9FA825-0D59-4256-931F-FC3524806853}.Debug|Any CPU.ActiveCfg = Debug|Any CPU
		{1B9FA825-0D59-4256-931F-FC3524806853}.Debug|Any CPU.Build.0 = Debug|Any CPU
		{1B9FA825-0D59-4256-931F-FC3524806853}.Release|Any CPU.ActiveCfg = Release|Any CPU
		{1B9FA825-0D59-4256-931F-FC3524806853}.Release|Any CPU.Build.0 = Release|Any CPU
		{361D93C3-88AA-48AE-AEDD-62B748AD15E9}.Debug|Any CPU.ActiveCfg = Debug|Any CPU
		{361D93C3-88AA-48AE-AEDD-62B748AD15E9}.Debug|Any CPU.Build.0 = Debug|Any CPU
		{361D93C3-88AA-48AE-AEDD-62B748AD15E9}.Release|Any CPU.ActiveCfg = Release|Any CPU
		{361D93C3-88AA-48AE-AEDD-62B748AD15E9}.Release|Any CPU.Build.0 = Release|Any CPU
		{96D85DCF-11C7-47E9-865F-000D482FADA8}.Debug|Any CPU.ActiveCfg = Debug|Any CPU
		{96D85DCF-11C7-47E9-865F-000D482FADA8}.Debug|Any CPU.Build.0 = Debug|Any CPU
		{96D85DCF-11C7-47E9-865F-000D482FADA8}.Release|Any CPU.ActiveCfg = Release|Any CPU
		{96D85DCF-11C7-47E9-865F-000D482FADA8}.Release|Any CPU.Build.0 = Release|Any CPU
		{D1AD7641-17A9-4E15-8870-5E8DCC1253D5}.Debug|Any CPU.ActiveCfg = Debug|Any CPU
		{D1AD7641-17A9-4E15-8870-5E8DCC1253D5}.Debug|Any CPU.Build.0 = Debug|Any CPU
		{D1AD7641-17A9-4E15-8870-5E8DCC1253D5}.Release|Any CPU.ActiveCfg = Release|Any CPU
		{D1AD7641-17A9-4E15-8870-5E8DCC1253D5}.Release|Any CPU.Build.0 = Release|Any CPU
		{E9BD72B6-B609-480D-8D5C-E975BF25B95D}.Debug|Any CPU.ActiveCfg = Debug|Any CPU
		{E9BD72B6-B609-480D-8D5C-E975BF25B95D}.Debug|Any CPU.Build.0 = Debug|Any CPU
		{E9BD72B6-B609-480D-8D5C-E975BF25B95D}.Release|Any CPU.ActiveCfg = Release|Any CPU
		{E9BD72B6-B609-480D-8D5C-E975BF25B95D}.Release|Any CPU.Build.0 = Release|Any CPU
		{BCA6A339-7A33-4257-AC76-CD3C7EF54000}.Debug|Any CPU.ActiveCfg = Debug|Any CPU
		{BCA6A339-7A33-4257-AC76-CD3C7EF54000}.Debug|Any CPU.Build.0 = Debug|Any CPU
		{BCA6A339-7A33-4257-AC76-CD3C7EF54000}.Release|Any CPU.ActiveCfg = Release|Any CPU
		{BCA6A339-7A33-4257-AC76-CD3C7EF54000}.Release|Any CPU.Build.0 = Release|Any CPU
		{483B7FD6-ACEE-4A75-91DE-E075BDA24998}.Debug|Any CPU.ActiveCfg = Debug|Any CPU
		{483B7FD6-ACEE-4A75-91DE-E075BDA24998}.Debug|Any CPU.Build.0 = Debug|Any CPU
		{483B7FD6-ACEE-4A75-91DE-E075BDA24998}.Release|Any CPU.ActiveCfg = Release|Any CPU
		{483B7FD6-ACEE-4A75-91DE-E075BDA24998}.Release|Any CPU.Build.0 = Release|Any CPU
		{ADF7CC7C-659C-4979-B2F1-5CA267AADEB8}.Debug|Any CPU.ActiveCfg = Debug|Any CPU
		{ADF7CC7C-659C-4979-B2F1-5CA267AADEB8}.Debug|Any CPU.Build.0 = Debug|Any CPU
		{ADF7CC7C-659C-4979-B2F1-5CA267AADEB8}.Release|Any CPU.ActiveCfg = Release|Any CPU
		{ADF7CC7C-659C-4979-B2F1-5CA267AADEB8}.Release|Any CPU.Build.0 = Release|Any CPU
		{67126548-81B3-4681-AA44-39145E9A7034}.Debug|Any CPU.ActiveCfg = Debug|Any CPU
		{67126548-81B3-4681-AA44-39145E9A7034}.Debug|Any CPU.Build.0 = Debug|Any CPU
		{67126548-81B3-4681-AA44-39145E9A7034}.Release|Any CPU.ActiveCfg = Release|Any CPU
		{67126548-81B3-4681-AA44-39145E9A7034}.Release|Any CPU.Build.0 = Release|Any CPU
		{4B36204B-6707-409A-81A1-43AC7AD645F4}.Debug|Any CPU.ActiveCfg = Debug|Any CPU
		{4B36204B-6707-409A-81A1-43AC7AD645F4}.Debug|Any CPU.Build.0 = Debug|Any CPU
		{4B36204B-6707-409A-81A1-43AC7AD645F4}.Release|Any CPU.ActiveCfg = Release|Any CPU
		{4B36204B-6707-409A-81A1-43AC7AD645F4}.Release|Any CPU.Build.0 = Release|Any CPU
	EndGlobalSection
	GlobalSection(SolutionProperties) = preSolution
		HideSolutionNode = FALSE
	EndGlobalSection
	GlobalSection(NestedProjects) = preSolution
		{57BE5779-4800-4B9D-AB63-CA035B95FDCB} = {C6C07E57-A39E-4DE7-9EE7-5AAB203A4875}
		{838A4591-F871-4F31-BCBF-FB3E8982F968} = {C6C07E57-A39E-4DE7-9EE7-5AAB203A4875}
		{FB687F2E-8A28-4AED-9026-95280A60E4D6} = {C6C07E57-A39E-4DE7-9EE7-5AAB203A4875}
		{3C766318-289B-45EB-998B-38616BB1D676} = {C6C07E57-A39E-4DE7-9EE7-5AAB203A4875}
		{B2475C26-5226-403D-A4E9-5EDCFCDCE6D9} = {C6C07E57-A39E-4DE7-9EE7-5AAB203A4875}
		{A13E10C8-2BB8-41A7-B435-B8EEAC15D816} = {57BE5779-4800-4B9D-AB63-CA035B95FDCB}
		{47027554-6893-4F0A-BD7E-619ED726E004} = {57BE5779-4800-4B9D-AB63-CA035B95FDCB}
		{AAF2476E-7C01-4794-945A-41628B9FE049} = {57BE5779-4800-4B9D-AB63-CA035B95FDCB}
		{95A06945-E395-4AE6-A138-C202A1DC5405} = {57BE5779-4800-4B9D-AB63-CA035B95FDCB}
		{FF611F62-6C11-4DD8-9031-C3B77D5F0358} = {3C766318-289B-45EB-998B-38616BB1D676}
		{9DC8A082-1048-455B-B26C-9FE571F4782C} = {3C766318-289B-45EB-998B-38616BB1D676}
		{4CD46F67-17B3-42A2-BA1F-05CAD39D6EC5} = {3C766318-289B-45EB-998B-38616BB1D676}
		{32B5D38C-B83F-4151-AB8A-1A77430A6D40} = {3C766318-289B-45EB-998B-38616BB1D676}
		{72AB956A-502F-4D2E-8232-9E8DD9A6261C} = {FB687F2E-8A28-4AED-9026-95280A60E4D6}
		{4ED35A08-7FBB-4AD8-B466-6CE562824D4C} = {FB687F2E-8A28-4AED-9026-95280A60E4D6}
		{1B9FA825-0D59-4256-931F-FC3524806853} = {FB687F2E-8A28-4AED-9026-95280A60E4D6}
		{361D93C3-88AA-48AE-AEDD-62B748AD15E9} = {FB687F2E-8A28-4AED-9026-95280A60E4D6}
		{96D85DCF-11C7-47E9-865F-000D482FADA8} = {838A4591-F871-4F31-BCBF-FB3E8982F968}
		{D1AD7641-17A9-4E15-8870-5E8DCC1253D5} = {838A4591-F871-4F31-BCBF-FB3E8982F968}
		{E9BD72B6-B609-480D-8D5C-E975BF25B95D} = {838A4591-F871-4F31-BCBF-FB3E8982F968}
		{BCA6A339-7A33-4257-AC76-CD3C7EF54000} = {838A4591-F871-4F31-BCBF-FB3E8982F968}
		{483B7FD6-ACEE-4A75-91DE-E075BDA24998} = {B2475C26-5226-403D-A4E9-5EDCFCDCE6D9}
		{67126548-81B3-4681-AA44-39145E9A7034} = {44043349-CEBB-41D3-A169-671A95217B0C}
		{4B36204B-6707-409A-81A1-43AC7AD645F4} = {C4F8F2BC-7EBF-453A-8F70-C4005BFA144B}
	EndGlobalSection
	GlobalSection(ExtensibilityGlobals) = postSolution
		SolutionGuid = {40D3877B-85DE-4948-A2D0-75699BD63748}
	EndGlobalSection
EndGlobal
