
Microsoft Visual Studio Solution File, Format Version 12.00
# Visual Studio Version 17
VisualStudioVersion = 17.9.34728.123
MinimumVisualStudioVersion = 10.0.40219.1
Project("{2150E333-8FDC-42A3-9474-1A3956D46DE8}") = "Services", "Services", "{C6C07E57-A39E-4DE7-9EE7-5AAB203A4875}"
EndProject
Project("{2150E333-8FDC-42A3-9474-1A3956D46DE8}") = "Infrastructure", "Infrastructure", "{C4F8F2BC-7EBF-453A-8F70-C4005BFA144B}"
EndProject
Project("{2150E333-8FDC-42A3-9474-1A3956D46DE8}") = "ApiGateways", "ApiGateways", "{44043349-CEBB-41D3-A169-671A95217B0C}"
EndProject
Project("{2150E333-8FDC-42A3-9474-1A3956D46DE8}") = "User", "User", "{57BE5779-4800-4B9D-AB63-CA035B95FDCB}"
EndProject
Project("{2150E333-8FDC-42A3-9474-1A3956D46DE8}") = "Chat", "Chat", "{838A4591-F871-4F31-BCBF-FB3E8982F968}"
EndProject
Project("{2150E333-8FDC-42A3-9474-1A3956D46DE8}") = "Notification", "Notification", "{FB687F2E-8A28-4AED-9026-95280A60E4D6}"
EndProject
Project("{2150E333-8FDC-42A3-9474-1A3956D46DE8}") = "Algolia", "Algolia", "{B2475C26-5226-403D-A4E9-5EDCFCDCE6D9}"
EndProject
Project("{9A19103F-16F7-4668-BE54-9A1E7A4F7556}") = "User.API", "Services\User\User.API\User.API.csproj", "{A13E10C8-2BB8-41A7-B435-B8EEAC15D816}"
EndProject
Project("{9A19103F-16F7-4668-BE54-9A1E7A4F7556}") = "User.Infrastructure", "Services\User\User.Infrastructure\User.Infrastructure.csproj", "{47027554-6893-4F0A-BD7E-619ED726E004}"
EndProject
Project("{9A19103F-16F7-4668-BE54-9A1E7A4F7556}") = "User.Application", "Services\User\User.Application\User.Application.csproj", "{AAF2476E-7C01-4794-945A-41628B9FE049}"
EndProject
Project("{9A19103F-16F7-4668-BE54-9A1E7A4F7556}") = "User.Core", "Services\User\User.Core\User.Core.csproj", "{95A06945-E395-4AE6-A138-C202A1DC5405}"
EndProject
Project("{9A19103F-16F7-4668-BE54-9A1E7A4F7556}") = "Notification.API", "Services\Notification\Notification.API\Notification.API.csproj", "{72AB956A-502F-4D2E-8232-9E8DD9A6261C}"
EndProject
Project("{9A19103F-16F7-4668-BE54-9A1E7A4F7556}") = "Notification.Infrastructure", "Services\Notification\Notification.Infrastructure\Notification.Infrastructure.csproj", "{4ED35A08-7FBB-4AD8-B466-6CE562824D4C}"
EndProject
Project("{9A19103F-16F7-4668-BE54-9A1E7A4F7556}") = "Notification.Application", "Services\Notification\Notification.Application\Notification.Application.csproj", "{1B9FA825-0D59-4256-931F-FC3524806853}"
EndProject
Project("{9A19103F-16F7-4668-BE54-9A1E7A4F7556}") = "Notification.Core", "Services\Notification\Notification.Core\Notification.Core.csproj", "{361D93C3-88AA-48AE-AEDD-62B748AD15E9}"
EndProject
Project("{9A19103F-16F7-4668-BE54-9A1E7A4F7556}") = "Chat.API", "Services\Chat\Chat.API\Chat.API.csproj", "{96D85DCF-11C7-47E9-865F-000D482FADA8}"
EndProject
Project("{9A19103F-16F7-4668-BE54-9A1E7A4F7556}") = "Chat.Infrastructure", "Services\Chat\Chat.Infrastructure\Chat.Infrastructure.csproj", "{D1AD7641-17A9-4E15-8870-5E8DCC1253D5}"
EndProject
Project("{9A19103F-16F7-4668-BE54-9A1E7A4F7556}") = "Chat.Application", "Services\Chat\Chat.Application\Chat.Application.csproj", "{E9BD72B6-B609-480D-8D5C-E975BF25B95D}"
EndProject
Project("{9A19103F-16F7-4668-BE54-9A1E7A4F7556}") = "Chat.Core", "Services\Chat\Chat.Core\Chat.Core.csproj", "{BCA6A339-7A33-4257-AC76-CD3C7EF54000}"
EndProject
Project("{9A19103F-16F7-4668-BE54-9A1E7A4F7556}") = "Algolia.API", "Services\Algolia\Algolia.API\Algolia.API.csproj", "{483B7FD6-ACEE-4A75-91DE-E075BDA24998}"
EndProject
Project("{9A19103F-16F7-4668-BE54-9A1E7A4F7556}") = "EventBus.Messages", "Infrastructure\EventBus.Messages\EventBus.Messages.csproj", "{4B36204B-6707-409A-81A1-43AC7AD645F4}"
EndProject
Project("{2150E333-8FDC-42A3-9474-1A3956D46DE8}") = "Feed", "Feed", "{6FE9A080-D910-44AC-B850-956A2031D52A}"
EndProject
Project("{9A19103F-16F7-4668-BE54-9A1E7A4F7556}") = "Feed.API", "Services\Feed\Feed.API\Feed.API.csproj", "{A11CA78E-EA4C-40B3-9FAD-9FDA2CB93E91}"
EndProject
Project("{9A19103F-16F7-4668-BE54-9A1E7A4F7556}") = "Feed.Infrastructure", "Services\Feed\Feed.Infrastructure\Feed.Infrastructure.csproj", "{D1C9014A-464E-4B7B-A2A0-22B9E0DD05B6}"
EndProject
Project("{9A19103F-16F7-4668-BE54-9A1E7A4F7556}") = "Feed.Core", "Services\Feed\Feed.Core\Feed.Core.csproj", "{C9220EC9-AD88-4E98-BF08-0B7D092317B8}"
EndProject
Project("{9A19103F-16F7-4668-BE54-9A1E7A4F7556}") = "Feed.Application", "Services\Feed\Feed.Application\Feed.Application.csproj", "{CA03B5B8-FEBD-4C57-8F34-18CF08225680}"
EndProject
Project("{E53339B2-1760-4266-BCC7-CA923CBCF16C}") = "docker-compose", "docker-compose.dcproj", "{CE55EA90-04F0-46DE-98A4-0B98B8C20B96}"
EndProject
Project("{9A19103F-16F7-4668-BE54-9A1E7A4F7556}") = "Ocelot.ApiGateway", "ApiGateways\Ocelot.ApiGateway\Ocelot.ApiGateway.csproj", "{492D5064-9783-4845-A6F6-99A9341D4B92}"
EndProject
Project("{2150E333-8FDC-42A3-9474-1A3956D46DE8}") = "Identity", "Identity", "{AFC7DEDA-A0D1-453D-B372-376C8323C107}"
EndProject
Project("{FAE04EC0-301F-11D3-BF4B-00C04F79EFBC}") = "Identity.Core", "Services\Identity\Identity.Core\Identity.Core.csproj", "{FC4F2C0F-B0A7-43B4-8F89-102DCD015878}"
EndProject
Project("{FAE04EC0-301F-11D3-BF4B-00C04F79EFBC}") = "Identity.Application", "Services\Identity\Identity.Application\Identity.Application.csproj", "{1C29221E-33F6-4B7E-8710-188A2A3D039E}"
EndProject
Project("{FAE04EC0-301F-11D3-BF4B-00C04F79EFBC}") = "Identity.Infrastructure", "Services\Identity\Identity.Infrastructure\Identity.Infrastructure.csproj", "{1B088D8E-1BC5-4876-8823-C483EF0E7AA5}"
EndProject
Project("{FAE04EC0-301F-11D3-BF4B-00C04F79EFBC}") = "Identity.API", "Services\Identity\Identity.API\Identity.API.csproj", "{2013661B-CD3F-4FB3-8BE0-C142DA4BBF06}"
EndProject
Global
	GlobalSection(SolutionConfigurationPlatforms) = preSolution
		Debug|Any CPU = Debug|Any CPU
		Release|Any CPU = Release|Any CPU
	EndGlobalSection
	GlobalSection(ProjectConfigurationPlatforms) = postSolution
		{A13E10C8-2BB8-41A7-B435-B8EEAC15D816}.Debug|Any CPU.ActiveCfg = Debug|Any CPU
		{A13E10C8-2BB8-41A7-B435-B8EEAC15D816}.Debug|Any CPU.Build.0 = Debug|Any CPU
		{A13E10C8-2BB8-41A7-B435-B8EEAC15D816}.Release|Any CPU.ActiveCfg = Release|Any CPU
		{A13E10C8-2BB8-41A7-B435-B8EEAC15D816}.Release|Any CPU.Build.0 = Release|Any CPU
		{47027554-6893-4F0A-BD7E-619ED726E004}.Debug|Any CPU.ActiveCfg = Debug|Any CPU
		{47027554-6893-4F0A-BD7E-619ED726E004}.Debug|Any CPU.Build.0 = Debug|Any CPU
		{47027554-6893-4F0A-BD7E-619ED726E004}.Release|Any CPU.ActiveCfg = Release|Any CPU
		{47027554-6893-4F0A-BD7E-619ED726E004}.Release|Any CPU.Build.0 = Release|Any CPU
		{AAF2476E-7C01-4794-945A-41628B9FE049}.Debug|Any CPU.ActiveCfg = Debug|Any CPU
		{AAF2476E-7C01-4794-945A-41628B9FE049}.Debug|Any CPU.Build.0 = Debug|Any CPU
		{AAF2476E-7C01-4794-945A-41628B9FE049}.Release|Any CPU.ActiveCfg = Release|Any CPU
		{AAF2476E-7C01-4794-945A-41628B9FE049}.Release|Any CPU.Build.0 = Release|Any CPU
		{95A06945-E395-4AE6-A138-C202A1DC5405}.Debug|Any CPU.ActiveCfg = Debug|Any CPU
		{95A06945-E395-4AE6-A138-C202A1DC5405}.Debug|Any CPU.Build.0 = Debug|Any CPU
		{95A06945-E395-4AE6-A138-C202A1DC5405}.Release|Any CPU.ActiveCfg = Release|Any CPU
		{95A06945-E395-4AE6-A138-C202A1DC5405}.Release|Any CPU.Build.0 = Release|Any CPU
		{72AB956A-502F-4D2E-8232-9E8DD9A6261C}.Debug|Any CPU.ActiveCfg = Debug|Any CPU
		{72AB956A-502F-4D2E-8232-9E8DD9A6261C}.Debug|Any CPU.Build.0 = Debug|Any CPU
		{72AB956A-502F-4D2E-8232-9E8DD9A6261C}.Release|Any CPU.ActiveCfg = Release|Any CPU
		{72AB956A-502F-4D2E-8232-9E8DD9A6261C}.Release|Any CPU.Build.0 = Release|Any CPU
		{4ED35A08-7FBB-4AD8-B466-6CE562824D4C}.Debug|Any CPU.ActiveCfg = Debug|Any CPU
		{4ED35A08-7FBB-4AD8-B466-6CE562824D4C}.Debug|Any CPU.Build.0 = Debug|Any CPU
		{4ED35A08-7FBB-4AD8-B466-6CE562824D4C}.Release|Any CPU.ActiveCfg = Release|Any CPU
		{4ED35A08-7FBB-4AD8-B466-6CE562824D4C}.Release|Any CPU.Build.0 = Release|Any CPU
		{1B9FA825-0D59-4256-931F-FC3524806853}.Debug|Any CPU.ActiveCfg = Debug|Any CPU
		{1B9FA825-0D59-4256-931F-FC3524806853}.Debug|Any CPU.Build.0 = Debug|Any CPU
		{1B9FA825-0D59-4256-931F-FC3524806853}.Release|Any CPU.ActiveCfg = Release|Any CPU
		{1B9FA825-0D59-4256-931F-FC3524806853}.Release|Any CPU.Build.0 = Release|Any CPU
		{361D93C3-88AA-48AE-AEDD-62B748AD15E9}.Debug|Any CPU.ActiveCfg = Debug|Any CPU
		{361D93C3-88AA-48AE-AEDD-62B748AD15E9}.Debug|Any CPU.Build.0 = Debug|Any CPU
		{361D93C3-88AA-48AE-AEDD-62B748AD15E9}.Release|Any CPU.ActiveCfg = Release|Any CPU
		{361D93C3-88AA-48AE-AEDD-62B748AD15E9}.Release|Any CPU.Build.0 = Release|Any CPU
		{96D85DCF-11C7-47E9-865F-000D482FADA8}.Debug|Any CPU.ActiveCfg = Debug|Any CPU
		{96D85DCF-11C7-47E9-865F-000D482FADA8}.Debug|Any CPU.Build.0 = Debug|Any CPU
		{96D85DCF-11C7-47E9-865F-000D482FADA8}.Release|Any CPU.ActiveCfg = Release|Any CPU
		{96D85DCF-11C7-47E9-865F-000D482FADA8}.Release|Any CPU.Build.0 = Release|Any CPU
		{D1AD7641-17A9-4E15-8870-5E8DCC1253D5}.Debug|Any CPU.ActiveCfg = Debug|Any CPU
		{D1AD7641-17A9-4E15-8870-5E8DCC1253D5}.Debug|Any CPU.Build.0 = Debug|Any CPU
		{D1AD7641-17A9-4E15-8870-5E8DCC1253D5}.Release|Any CPU.ActiveCfg = Release|Any CPU
		{D1AD7641-17A9-4E15-8870-5E8DCC1253D5}.Release|Any CPU.Build.0 = Release|Any CPU
		{E9BD72B6-B609-480D-8D5C-E975BF25B95D}.Debug|Any CPU.ActiveCfg = Debug|Any CPU
		{E9BD72B6-B609-480D-8D5C-E975BF25B95D}.Debug|Any CPU.Build.0 = Debug|Any CPU
		{E9BD72B6-B609-480D-8D5C-E975BF25B95D}.Release|Any CPU.ActiveCfg = Release|Any CPU
		{E9BD72B6-B609-480D-8D5C-E975BF25B95D}.Release|Any CPU.Build.0 = Release|Any CPU
		{BCA6A339-7A33-4257-AC76-CD3C7EF54000}.Debug|Any CPU.ActiveCfg = Debug|Any CPU
		{BCA6A339-7A33-4257-AC76-CD3C7EF54000}.Debug|Any CPU.Build.0 = Debug|Any CPU
		{BCA6A339-7A33-4257-AC76-CD3C7EF54000}.Release|Any CPU.ActiveCfg = Release|Any CPU
		{BCA6A339-7A33-4257-AC76-CD3C7EF54000}.Release|Any CPU.Build.0 = Release|Any CPU
		{483B7FD6-ACEE-4A75-91DE-E075BDA24998}.Debug|Any CPU.ActiveCfg = Debug|Any CPU
		{483B7FD6-ACEE-4A75-91DE-E075BDA24998}.Debug|Any CPU.Build.0 = Debug|Any CPU
		{483B7FD6-ACEE-4A75-91DE-E075BDA24998}.Release|Any CPU.ActiveCfg = Release|Any CPU
		{483B7FD6-ACEE-4A75-91DE-E075BDA24998}.Release|Any CPU.Build.0 = Release|Any CPU
		{4B36204B-6707-409A-81A1-43AC7AD645F4}.Debug|Any CPU.ActiveCfg = Debug|Any CPU
		{4B36204B-6707-409A-81A1-43AC7AD645F4}.Debug|Any CPU.Build.0 = Debug|Any CPU
		{4B36204B-6707-409A-81A1-43AC7AD645F4}.Release|Any CPU.ActiveCfg = Release|Any CPU
		{4B36204B-6707-409A-81A1-43AC7AD645F4}.Release|Any CPU.Build.0 = Release|Any CPU
		{A11CA78E-EA4C-40B3-9FAD-9FDA2CB93E91}.Debug|Any CPU.ActiveCfg = Debug|Any CPU
		{A11CA78E-EA4C-40B3-9FAD-9FDA2CB93E91}.Debug|Any CPU.Build.0 = Debug|Any CPU
		{A11CA78E-EA4C-40B3-9FAD-9FDA2CB93E91}.Release|Any CPU.ActiveCfg = Release|Any CPU
		{A11CA78E-EA4C-40B3-9FAD-9FDA2CB93E91}.Release|Any CPU.Build.0 = Release|Any CPU
		{D1C9014A-464E-4B7B-A2A0-22B9E0DD05B6}.Debug|Any CPU.ActiveCfg = Debug|Any CPU
		{D1C9014A-464E-4B7B-A2A0-22B9E0DD05B6}.Debug|Any CPU.Build.0 = Debug|Any CPU
		{D1C9014A-464E-4B7B-A2A0-22B9E0DD05B6}.Release|Any CPU.ActiveCfg = Release|Any CPU
		{D1C9014A-464E-4B7B-A2A0-22B9E0DD05B6}.Release|Any CPU.Build.0 = Release|Any CPU
		{C9220EC9-AD88-4E98-BF08-0B7D092317B8}.Debug|Any CPU.ActiveCfg = Debug|Any CPU
		{C9220EC9-AD88-4E98-BF08-0B7D092317B8}.Debug|Any CPU.Build.0 = Debug|Any CPU
		{C9220EC9-AD88-4E98-BF08-0B7D092317B8}.Release|Any CPU.ActiveCfg = Release|Any CPU
		{C9220EC9-AD88-4E98-BF08-0B7D092317B8}.Release|Any CPU.Build.0 = Release|Any CPU
		{CA03B5B8-FEBD-4C57-8F34-18CF08225680}.Debug|Any CPU.ActiveCfg = Debug|Any CPU
		{CA03B5B8-FEBD-4C57-8F34-18CF08225680}.Debug|Any CPU.Build.0 = Debug|Any CPU
		{CA03B5B8-FEBD-4C57-8F34-18CF08225680}.Release|Any CPU.ActiveCfg = Release|Any CPU
		{CA03B5B8-FEBD-4C57-8F34-18CF08225680}.Release|Any CPU.Build.0 = Release|Any CPU
		{CE55EA90-04F0-46DE-98A4-0B98B8C20B96}.Debug|Any CPU.ActiveCfg = Debug|Any CPU
		{CE55EA90-04F0-46DE-98A4-0B98B8C20B96}.Debug|Any CPU.Build.0 = Debug|Any CPU
		{CE55EA90-04F0-46DE-98A4-0B98B8C20B96}.Release|Any CPU.ActiveCfg = Release|Any CPU
		{CE55EA90-04F0-46DE-98A4-0B98B8C20B96}.Release|Any CPU.Build.0 = Release|Any CPU
		{492D5064-9783-4845-A6F6-99A9341D4B92}.Debug|Any CPU.ActiveCfg = Debug|Any CPU
		{492D5064-9783-4845-A6F6-99A9341D4B92}.Debug|Any CPU.Build.0 = Debug|Any CPU
		{492D5064-9783-4845-A6F6-99A9341D4B92}.Release|Any CPU.ActiveCfg = Release|Any CPU
		{492D5064-9783-4845-A6F6-99A9341D4B92}.Release|Any CPU.Build.0 = Release|Any CPU
		{FC4F2C0F-B0A7-43B4-8F89-102DCD015878}.Debug|Any CPU.ActiveCfg = Debug|Any CPU
		{FC4F2C0F-B0A7-43B4-8F89-102DCD015878}.Debug|Any CPU.Build.0 = Debug|Any CPU
		{FC4F2C0F-B0A7-43B4-8F89-102DCD015878}.Release|Any CPU.ActiveCfg = Release|Any CPU
		{FC4F2C0F-B0A7-43B4-8F89-102DCD015878}.Release|Any CPU.Build.0 = Release|Any CPU
		{1C29221E-33F6-4B7E-8710-188A2A3D039E}.Debug|Any CPU.ActiveCfg = Debug|Any CPU
		{1C29221E-33F6-4B7E-8710-188A2A3D039E}.Debug|Any CPU.Build.0 = Debug|Any CPU
		{1C29221E-33F6-4B7E-8710-188A2A3D039E}.Release|Any CPU.ActiveCfg = Release|Any CPU
		{1C29221E-33F6-4B7E-8710-188A2A3D039E}.Release|Any CPU.Build.0 = Release|Any CPU
		{1B088D8E-1BC5-4876-8823-C483EF0E7AA5}.Debug|Any CPU.ActiveCfg = Debug|Any CPU
		{1B088D8E-1BC5-4876-8823-C483EF0E7AA5}.Debug|Any CPU.Build.0 = Debug|Any CPU
		{1B088D8E-1BC5-4876-8823-C483EF0E7AA5}.Release|Any CPU.ActiveCfg = Release|Any CPU
		{1B088D8E-1BC5-4876-8823-C483EF0E7AA5}.Release|Any CPU.Build.0 = Release|Any CPU
		{2013661B-CD3F-4FB3-8BE0-C142DA4BBF06}.Debug|Any CPU.ActiveCfg = Debug|Any CPU
		{2013661B-CD3F-4FB3-8BE0-C142DA4BBF06}.Debug|Any CPU.Build.0 = Debug|Any CPU
		{2013661B-CD3F-4FB3-8BE0-C142DA4BBF06}.Release|Any CPU.ActiveCfg = Release|Any CPU
		{2013661B-CD3F-4FB3-8BE0-C142DA4BBF06}.Release|Any CPU.Build.0 = Release|Any CPU
	EndGlobalSection
	GlobalSection(SolutionProperties) = preSolution
		HideSolutionNode = FALSE
	EndGlobalSection
	GlobalSection(NestedProjects) = preSolution
		{57BE5779-4800-4B9D-AB63-CA035B95FDCB} = {C6C07E57-A39E-4DE7-9EE7-5AAB203A4875}
		{838A4591-F871-4F31-BCBF-FB3E8982F968} = {C6C07E57-A39E-4DE7-9EE7-5AAB203A4875}
		{FB687F2E-8A28-4AED-9026-95280A60E4D6} = {C6C07E57-A39E-4DE7-9EE7-5AAB203A4875}
		{B2475C26-5226-403D-A4E9-5EDCFCDCE6D9} = {C6C07E57-A39E-4DE7-9EE7-5AAB203A4875}
		{A13E10C8-2BB8-41A7-B435-B8EEAC15D816} = {57BE5779-4800-4B9D-AB63-CA035B95FDCB}
		{47027554-6893-4F0A-BD7E-619ED726E004} = {57BE5779-4800-4B9D-AB63-CA035B95FDCB}
		{AAF2476E-7C01-4794-945A-41628B9FE049} = {57BE5779-4800-4B9D-AB63-CA035B95FDCB}
		{95A06945-E395-4AE6-A138-C202A1DC5405} = {57BE5779-4800-4B9D-AB63-CA035B95FDCB}
		{72AB956A-502F-4D2E-8232-9E8DD9A6261C} = {FB687F2E-8A28-4AED-9026-95280A60E4D6}
		{4ED35A08-7FBB-4AD8-B466-6CE562824D4C} = {FB687F2E-8A28-4AED-9026-95280A60E4D6}
		{1B9FA825-0D59-4256-931F-FC3524806853} = {FB687F2E-8A28-4AED-9026-95280A60E4D6}
		{361D93C3-88AA-48AE-AEDD-62B748AD15E9} = {FB687F2E-8A28-4AED-9026-95280A60E4D6}
		{96D85DCF-11C7-47E9-865F-000D482FADA8} = {838A4591-F871-4F31-BCBF-FB3E8982F968}
		{D1AD7641-17A9-4E15-8870-5E8DCC1253D5} = {838A4591-F871-4F31-BCBF-FB3E8982F968}
		{E9BD72B6-B609-480D-8D5C-E975BF25B95D} = {838A4591-F871-4F31-BCBF-FB3E8982F968}
		{BCA6A339-7A33-4257-AC76-CD3C7EF54000} = {838A4591-F871-4F31-BCBF-FB3E8982F968}
		{483B7FD6-ACEE-4A75-91DE-E075BDA24998} = {B2475C26-5226-403D-A4E9-5EDCFCDCE6D9}
		{4B36204B-6707-409A-81A1-43AC7AD645F4} = {C4F8F2BC-7EBF-453A-8F70-C4005BFA144B}
		{6FE9A080-D910-44AC-B850-956A2031D52A} = {C6C07E57-A39E-4DE7-9EE7-5AAB203A4875}
		{A11CA78E-EA4C-40B3-9FAD-9FDA2CB93E91} = {6FE9A080-D910-44AC-B850-956A2031D52A}
		{D1C9014A-464E-4B7B-A2A0-22B9E0DD05B6} = {6FE9A080-D910-44AC-B850-956A2031D52A}
		{C9220EC9-AD88-4E98-BF08-0B7D092317B8} = {6FE9A080-D910-44AC-B850-956A2031D52A}
		{CA03B5B8-FEBD-4C57-8F34-18CF08225680} = {6FE9A080-D910-44AC-B850-956A2031D52A}
		{492D5064-9783-4845-A6F6-99A9341D4B92} = {44043349-CEBB-41D3-A169-671A95217B0C}
		{AFC7DEDA-A0D1-453D-B372-376C8323C107} = {C6C07E57-A39E-4DE7-9EE7-5AAB203A4875}
		{FC4F2C0F-B0A7-43B4-8F89-102DCD015878} = {AFC7DEDA-A0D1-453D-B372-376C8323C107}
		{1C29221E-33F6-4B7E-8710-188A2A3D039E} = {AFC7DEDA-A0D1-453D-B372-376C8323C107}
		{1B088D8E-1BC5-4876-8823-C483EF0E7AA5} = {AFC7DEDA-A0D1-453D-B372-376C8323C107}
		{2013661B-CD3F-4FB3-8BE0-C142DA4BBF06} = {AFC7DEDA-A0D1-453D-B372-376C8323C107}
	EndGlobalSection
	GlobalSection(ExtensibilityGlobals) = postSolution
		SolutionGuid = {40D3877B-85DE-4948-A2D0-75699BD63748}
	EndGlobalSection
EndGlobal
